Microsoft Visual Studio Solution File, Format Version 11.00
# Visual Studio 2008

Project("{F981B186-272E-40AD-18B5-016BD63364DB}") = "6_28_15ProjectUpdate", "Assembly-CSharp-firstpass.csproj", "{B9A2293D-9D97-ABE7-74B8-FDCBBD36BA2B}"
EndProject
Project("{F981B186-272E-40AD-18B5-016BD63364DB}") = "6_28_15ProjectUpdate", "Assembly-CSharp.csproj", "{BF7FA7F5-9BB1-591B-0254-1D2983E0623E}"
EndProject
Project("{F981B186-272E-40AD-18B5-016BD63364DB}") = "6_28_15ProjectUpdate", "Assembly-CSharp-Editor.csproj", "{672F8EFF-2D11-6CB0-1D44-F2655F9D742F}"
EndProject
Project("{F981B186-272E-40AD-18B5-016BD63364DB}") = "6_28_15ProjectUpdate", "Assembly-UnityScript-firstpass.unityproj", "{3228598B-D4EA-687E-62C3-185F7D2252AB}"
EndProject
Project("{F981B186-272E-40AD-18B5-016BD63364DB}") = "6_28_15ProjectUpdate", "Assembly-UnityScript.unityproj", "{162AD6F2-B01B-1A4B-B09E-6C8483191C36}"
EndProject
Global
	GlobalSection(SolutionConfigurationPlatforms) = preSolution
		Debug|Any CPU = Debug|Any CPU
		Release|Any CPU = Release|Any CPU
	EndGlobalSection
	GlobalSection(ProjectConfigurationPlatforms) = postSolution
		{B9A2293D-9D97-ABE7-74B8-FDCBBD36BA2B}.Debug|Any CPU.ActiveCfg = Debug|Any CPU
		{B9A2293D-9D97-ABE7-74B8-FDCBBD36BA2B}.Debug|Any CPU.Build.0 = Debug|Any CPU
		{B9A2293D-9D97-ABE7-74B8-FDCBBD36BA2B}.Release|Any CPU.ActiveCfg = Release|Any CPU
		{B9A2293D-9D97-ABE7-74B8-FDCBBD36BA2B}.Release|Any CPU.Build.0 = Release|Any CPU
		{BF7FA7F5-9BB1-591B-0254-1D2983E0623E}.Debug|Any CPU.ActiveCfg = Debug|Any CPU
		{BF7FA7F5-9BB1-591B-0254-1D2983E0623E}.Debug|Any CPU.Build.0 = Debug|Any CPU
		{BF7FA7F5-9BB1-591B-0254-1D2983E0623E}.Release|Any CPU.ActiveCfg = Release|Any CPU
		{BF7FA7F5-9BB1-591B-0254-1D2983E0623E}.Release|Any CPU.Build.0 = Release|Any CPU
		{672F8EFF-2D11-6CB0-1D44-F2655F9D742F}.Debug|Any CPU.ActiveCfg = Debug|Any CPU
		{672F8EFF-2D11-6CB0-1D44-F2655F9D742F}.Debug|Any CPU.Build.0 = Debug|Any CPU
		{672F8EFF-2D11-6CB0-1D44-F2655F9D742F}.Release|Any CPU.ActiveCfg = Release|Any CPU
		{672F8EFF-2D11-6CB0-1D44-F2655F9D742F}.Release|Any CPU.Build.0 = Release|Any CPU
		{3228598B-D4EA-687E-62C3-185F7D2252AB}.Debug|Any CPU.ActiveCfg = Debug|Any CPU
		{3228598B-D4EA-687E-62C3-185F7D2252AB}.Debug|Any CPU.Build.0 = Debug|Any CPU
		{3228598B-D4EA-687E-62C3-185F7D2252AB}.Release|Any CPU.ActiveCfg = Release|Any CPU
		{3228598B-D4EA-687E-62C3-185F7D2252AB}.Release|Any CPU.Build.0 = Release|Any CPU
		{162AD6F2-B01B-1A4B-B09E-6C8483191C36}.Debug|Any CPU.ActiveCfg = Debug|Any CPU
		{162AD6F2-B01B-1A4B-B09E-6C8483191C36}.Debug|Any CPU.Build.0 = Debug|Any CPU
		{162AD6F2-B01B-1A4B-B09E-6C8483191C36}.Release|Any CPU.ActiveCfg = Release|Any CPU
		{162AD6F2-B01B-1A4B-B09E-6C8483191C36}.Release|Any CPU.Build.0 = Release|Any CPU
	EndGlobalSection
	GlobalSection(SolutionProperties) = preSolution
		HideSolutionNode = FALSE
	EndGlobalSection
										GlobalSection(MonoDevelopProperties) = preSolution
		StartupItem = Assembly-CSharp.csproj
		Policies = $0
		$0.TextStylePolicy = $1
		$1.inheritsSet = null
		$1.scope = text/x-csharp
		$0.CSharpFormattingPolicy = $2
		$2.inheritsSet = Mono
		$2.inheritsScope = text/x-csharp
		$2.scope = text/x-csharp
		$0.TextStylePolicy = $3
		$3.FileWidth = 120
		$3.TabWidth = 4
		$3.IndentWidth = 4
		$3.EolMarker = Unix
		$3.inheritsSet = Mono
		$3.inheritsScope = text/plain
		$3.scope = text/plain
	EndGlobalSection

EndGlobal
