
Microsoft Visual Studio Solution File, Format Version 12.00
# Visual Studio 2013
Project("{FAE04EC0-301F-11D3-BF4B-00C04F79EFBC}") = "UnityVS.Workable.CSharp.Plugins", "UnityVS.Workable.CSharp.Plugins.csproj", "{4F4F8983-DA54-2DD4-1E80-548132AFABD2}"
EndProject
Project("{FAE04EC0-301F-11D3-BF4B-00C04F79EFBC}") = "UnityVS.Workable.CSharp", "UnityVS.Workable.CSharp.csproj", "{EB3341C8-E50D-CA2B-9198-0DBD509089B4}"
EndProject
Project("{FAE04EC0-301F-11D3-BF4B-00C04F79EFBC}") = "UnityVS.Workable.CSharp.Editor", "UnityVS.Workable.CSharp.Editor.csproj", "{9E08A501-08AB-D635-3EA2-2F42C0CD370B}"
EndProject
Global
	GlobalSection(SolutionConfigurationPlatforms) = preSolution
		Debug|Any CPU = Debug|Any CPU
		Release|Any CPU = Release|Any CPU
	EndGlobalSection
	GlobalSection(ProjectConfigurationPlatforms) = postSolution
		{4F4F8983-DA54-2DD4-1E80-548132AFABD2}.Debug|Any CPU.ActiveCfg = Debug|Any CPU
		{4F4F8983-DA54-2DD4-1E80-548132AFABD2}.Debug|Any CPU.Build.0 = Debug|Any CPU
		{4F4F8983-DA54-2DD4-1E80-548132AFABD2}.Release|Any CPU.ActiveCfg = Release|Any CPU
		{4F4F8983-DA54-2DD4-1E80-548132AFABD2}.Release|Any CPU.Build.0 = Release|Any CPU
		{EB3341C8-E50D-CA2B-9198-0DBD509089B4}.Debug|Any CPU.ActiveCfg = Debug|Any CPU
		{EB3341C8-E50D-CA2B-9198-0DBD509089B4}.Debug|Any CPU.Build.0 = Debug|Any CPU
		{EB3341C8-E50D-CA2B-9198-0DBD509089B4}.Release|Any CPU.ActiveCfg = Release|Any CPU
		{EB3341C8-E50D-CA2B-9198-0DBD509089B4}.Release|Any CPU.Build.0 = Release|Any CPU
		{9E08A501-08AB-D635-3EA2-2F42C0CD370B}.Debug|Any CPU.ActiveCfg = Debug|Any CPU
		{9E08A501-08AB-D635-3EA2-2F42C0CD370B}.Debug|Any CPU.Build.0 = Debug|Any CPU
		{9E08A501-08AB-D635-3EA2-2F42C0CD370B}.Release|Any CPU.ActiveCfg = Release|Any CPU
		{9E08A501-08AB-D635-3EA2-2F42C0CD370B}.Release|Any CPU.Build.0 = Release|Any CPU
	EndGlobalSection
	GlobalSection(SolutionProperties) = preSolution
		HideSolutionNode = FALSE
	EndGlobalSection
EndGlobal
